
Microsoft Visual Studio Solution File, Format Version 12.00
# Visual Studio Version 16
VisualStudioVersion = 16.0.810.23
MinimumVisualStudioVersion = 10.0.40219.1
Project("{FAE04EC0-301F-11D3-BF4B-00C04F79EFBC}") = "Excercise_PrioityQueue", "Excercise_PrioityQueue\Excercise_PrioityQueue.csproj", "{5FAC1A1E-FF49-49EB-B3DA-07E762B25659}"
EndProject
Global
	GlobalSection(SolutionConfigurationPlatforms) = preSolution
		Debug|Any CPU = Debug|Any CPU
		Release|Any CPU = Release|Any CPU
	EndGlobalSection
	GlobalSection(ProjectConfigurationPlatforms) = postSolution
		{5FAC1A1E-FF49-49EB-B3DA-07E762B25659}.Debug|Any CPU.ActiveCfg = Debug|Any CPU
		{5FAC1A1E-FF49-49EB-B3DA-07E762B25659}.Debug|Any CPU.Build.0 = Debug|Any CPU
		{5FAC1A1E-FF49-49EB-B3DA-07E762B25659}.Release|Any CPU.ActiveCfg = Release|Any CPU
		{5FAC1A1E-FF49-49EB-B3DA-07E762B25659}.Release|Any CPU.Build.0 = Release|Any CPU
	EndGlobalSection
	GlobalSection(SolutionProperties) = preSolution
		HideSolutionNode = FALSE
	EndGlobalSection
	GlobalSection(ExtensibilityGlobals) = postSolution
		SolutionGuid = {EF381F8D-1CB1-4533-9C24-00C3E4C55499}
	EndGlobalSection
EndGlobal
