
Microsoft Visual Studio Solution File, Format Version 12.00
# Visual Studio Version 16
VisualStudioVersion = 16.0.810.23
MinimumVisualStudioVersion = 10.0.40219.1
Project("{FAE04EC0-301F-11D3-BF4B-00C04F79EFBC}") = "TextRPG1", "TextRPG1\TextRPG1.csproj", "{AB300808-5FDF-4C00-8351-36F3FD33585E}"
EndProject
Global
	GlobalSection(SolutionConfigurationPlatforms) = preSolution
		Debug|Any CPU = Debug|Any CPU
		Release|Any CPU = Release|Any CPU
	EndGlobalSection
	GlobalSection(ProjectConfigurationPlatforms) = postSolution
		{AB300808-5FDF-4C00-8351-36F3FD33585E}.Debug|Any CPU.ActiveCfg = Debug|Any CPU
		{AB300808-5FDF-4C00-8351-36F3FD33585E}.Debug|Any CPU.Build.0 = Debug|Any CPU
		{AB300808-5FDF-4C00-8351-36F3FD33585E}.Release|Any CPU.ActiveCfg = Release|Any CPU
		{AB300808-5FDF-4C00-8351-36F3FD33585E}.Release|Any CPU.Build.0 = Release|Any CPU
	EndGlobalSection
	GlobalSection(SolutionProperties) = preSolution
		HideSolutionNode = FALSE
	EndGlobalSection
	GlobalSection(ExtensibilityGlobals) = postSolution
		SolutionGuid = {71EA5A2B-6CE4-4F9C-B5E3-A296A742CE6F}
	EndGlobalSection
EndGlobal
