
Microsoft Visual Studio Solution File, Format Version 12.00
# Visual Studio Version 16
VisualStudioVersion = 16.0.810.23
MinimumVisualStudioVersion = 10.0.40219.1
Project("{FAE04EC0-301F-11D3-BF4B-00C04F79EFBC}") = "Excercise", "Excercise.csproj", "{F19CBD0E-F63C-40F9-A2D6-0AF73E8B6B81}"
EndProject
Global
	GlobalSection(SolutionConfigurationPlatforms) = preSolution
		Debug|Any CPU = Debug|Any CPU
		Release|Any CPU = Release|Any CPU
	EndGlobalSection
	GlobalSection(ProjectConfigurationPlatforms) = postSolution
		{F19CBD0E-F63C-40F9-A2D6-0AF73E8B6B81}.Debug|Any CPU.ActiveCfg = Debug|Any CPU
		{F19CBD0E-F63C-40F9-A2D6-0AF73E8B6B81}.Debug|Any CPU.Build.0 = Debug|Any CPU
		{F19CBD0E-F63C-40F9-A2D6-0AF73E8B6B81}.Release|Any CPU.ActiveCfg = Release|Any CPU
		{F19CBD0E-F63C-40F9-A2D6-0AF73E8B6B81}.Release|Any CPU.Build.0 = Release|Any CPU
	EndGlobalSection
	GlobalSection(SolutionProperties) = preSolution
		HideSolutionNode = FALSE
	EndGlobalSection
	GlobalSection(ExtensibilityGlobals) = postSolution
		SolutionGuid = {4F37C794-493F-49EF-AA6C-6D559F0C41EB}
	EndGlobalSection
EndGlobal
